%{
  "httpotion": {:hex, :httpotion, "3.1.2", "50e3e559c2ffe8c8908c97e4ffb01efc1c18e8547cc7ce5dd173c9cf0a573a3b", [:mix], [{:ibrowse, "== 4.4.0", [hex: :ibrowse, repo: "hexpm", optional: false]}], "hexpm"},
  "ibrowse": {:hex, :ibrowse, "4.4.0", "2d923325efe0d2cb09b9c6a047b2835a5eda69d8a47ed6ff8bc03628b764e991", [:rebar3], [], "hexpm"},
  "poison": {:hex, :poison, "4.0.1", "bcb755a16fac91cad79bfe9fc3585bb07b9331e50cfe3420a24bcc2d735709ae", [:mix], [], "hexpm"},
  "ssl_verify_fun": {:hex, :ssl_verify_fun, "1.1.5", "6eaf7ad16cb568bb01753dbbd7a95ff8b91c7979482b95f38443fe2c8852a79b", [:make, :mix, :rebar3], [], "hexpm"},
}
